
Microsoft Visual Studio Solution File, Format Version 12.00
# Visual Studio 2017
Project("{FAE04EC0-301F-11D3-BF4B-00C04F79EFBC}") = "Cmd_Run.Plugins", "Cmd_Run.Plugins.csproj", "{4687C1F9-9D0D-52F3-C444-B1B7577234B8}"
EndProject
Project("{FAE04EC0-301F-11D3-BF4B-00C04F79EFBC}") = "Cmd_Run", "Cmd_Run.csproj", "{B5A5CF20-55D3-73F5-F7F0-F17150AEE23D}"
EndProject
Project("{FAE04EC0-301F-11D3-BF4B-00C04F79EFBC}") = "Cmd_Run.Editor.Plugins", "Cmd_Run.Editor.Plugins.csproj", "{C0B4288D-F63D-E88E-1600-1015E917FBD1}"
EndProject
Global
	GlobalSection(SolutionConfigurationPlatforms) = preSolution
		Debug|Any CPU = Debug|Any CPU
		Release|Any CPU = Release|Any CPU
	EndGlobalSection
	GlobalSection(ProjectConfigurationPlatforms) = postSolution
		{4687C1F9-9D0D-52F3-C444-B1B7577234B8}.Debug|Any CPU.ActiveCfg = Debug|Any CPU
		{4687C1F9-9D0D-52F3-C444-B1B7577234B8}.Debug|Any CPU.Build.0 = Debug|Any CPU
		{4687C1F9-9D0D-52F3-C444-B1B7577234B8}.Release|Any CPU.ActiveCfg = Release|Any CPU
		{4687C1F9-9D0D-52F3-C444-B1B7577234B8}.Release|Any CPU.Build.0 = Release|Any CPU
		{B5A5CF20-55D3-73F5-F7F0-F17150AEE23D}.Debug|Any CPU.ActiveCfg = Debug|Any CPU
		{B5A5CF20-55D3-73F5-F7F0-F17150AEE23D}.Debug|Any CPU.Build.0 = Debug|Any CPU
		{B5A5CF20-55D3-73F5-F7F0-F17150AEE23D}.Release|Any CPU.ActiveCfg = Release|Any CPU
		{B5A5CF20-55D3-73F5-F7F0-F17150AEE23D}.Release|Any CPU.Build.0 = Release|Any CPU
		{C0B4288D-F63D-E88E-1600-1015E917FBD1}.Debug|Any CPU.ActiveCfg = Debug|Any CPU
		{C0B4288D-F63D-E88E-1600-1015E917FBD1}.Debug|Any CPU.Build.0 = Debug|Any CPU
		{C0B4288D-F63D-E88E-1600-1015E917FBD1}.Release|Any CPU.ActiveCfg = Release|Any CPU
		{C0B4288D-F63D-E88E-1600-1015E917FBD1}.Release|Any CPU.Build.0 = Release|Any CPU
	EndGlobalSection
	GlobalSection(SolutionProperties) = preSolution
		HideSolutionNode = FALSE
	EndGlobalSection
EndGlobal
